
Microsoft Visual Studio Solution File, Format Version 12.00
# Visual Studio Version 16
VisualStudioVersion = 16.0.32106.194
MinimumVisualStudioVersion = 10.0.40219.1
Project("{2150E333-8FDC-42A3-9474-1A3956D46DE8}") = "5.0. Loops", "5.0. Loops", "{FC61FEA1-22C7-4619-ACEA-D2F31A369444}"
EndProject
Project("{9A19103F-16F7-4668-BE54-9A1E7A4F7556}") = "Loop Exercises", "Exercises\Loop Exercises.csproj", "{3F759586-86FC-4462-8420-B4259677DDE5}"
EndProject
Project("{2150E333-8FDC-42A3-9474-1A3956D46DE8}") = "6.0. Advanced Arrays", "6.0. Advanced Arrays", "{3F0B4FAA-9C07-43D1-A637-200390EC6AF5}"
EndProject
Project("{9A19103F-16F7-4668-BE54-9A1E7A4F7556}") = "Basic Array Exercises", "Basic Array Exercises\Basic Array Exercises.csproj", "{853EC2E3-3642-4308-88E8-D65308085999}"
EndProject
Project("{9A19103F-16F7-4668-BE54-9A1E7A4F7556}") = "Possible Sum", "Possible Sum\Possible Sum.csproj", "{159B78AC-DCFC-4E6A-9D43-5021051734E7}"
EndProject
Project("{9A19103F-16F7-4668-BE54-9A1E7A4F7556}") = "Sum Of Elements", "Sum Of Elements\Sum Of Elements.csproj", "{51145E1B-C089-450F-8DBC-9BBE19ED25F3}"
EndProject
Project("{9A19103F-16F7-4668-BE54-9A1E7A4F7556}") = "Selection Sort", "Selection Sort\Selection Sort.csproj", "{F2BF8777-3DFA-41FD-B1F3-ED7BCEBD0763}"
EndProject
Project("{9A19103F-16F7-4668-BE54-9A1E7A4F7556}") = "Word Letter Index", "Word Letter Index\Word Letter Index.csproj", "{4C90FECE-32B5-4822-A9E1-EC41BE07F764}"
EndProject
Project("{9A19103F-16F7-4668-BE54-9A1E7A4F7556}") = "Compare String Elements", "Compare String Elements\Compare String Elements.csproj", "{2259BAE3-3332-4063-8E2A-055FCD5C8443}"
EndProject
Project("{9A19103F-16F7-4668-BE54-9A1E7A4F7556}") = "NxN Matrices", "NxN Matrices\NxN Matrices.csproj", "{76715A7C-442A-4442-9F64-913AF38EC185}"
EndProject
Project("{2150E333-8FDC-42A3-9474-1A3956D46DE8}") = "20. OOP", "20. OOP", "{34F88790-2873-4C55-8743-85E9FA5606CE}"
EndProject
Project("{9A19103F-16F7-4668-BE54-9A1E7A4F7556}") = "OOP Exercises", "OOP Exercises\OOP Exercises.csproj", "{CFA97241-A00A-4CB6-B569-B3BC6C35DD38}"
EndProject
Project("{9A19103F-16F7-4668-BE54-9A1E7A4F7556}") = "Class Exercises", "Class Exercises\Class Exercises.csproj", "{00D4216F-98F1-40C4-8B1F-7870C5E0880F}"
EndProject
Project("{2150E333-8FDC-42A3-9474-1A3956D46DE8}") = "Basic OOP Exercises", "Basic OOP Exercises", "{A522D86B-BD35-4981-ADD7-697F831EB43B}"
EndProject
Project("{9A19103F-16F7-4668-BE54-9A1E7A4F7556}") = "Animals", "Animals\Animals.csproj", "{0DD6EC3B-C85A-45C2-81A7-EC68EC8B1F56}"
EndProject
Project("{9A19103F-16F7-4668-BE54-9A1E7A4F7556}") = "Cats", "Cats\Cats.csproj", "{F95EA74F-C2D0-42FA-8053-12E10CD1B228}"
EndProject
Project("{9A19103F-16F7-4668-BE54-9A1E7A4F7556}") = "Geometry", "Geometry\Geometry.csproj", "{893DECE7-ECB7-4531-A740-9B172026AB2F}"
EndProject
Project("{9A19103F-16F7-4668-BE54-9A1E7A4F7556}") = "School", "School\School.csproj", "{E2010CB2-C4A0-409F-8448-1D7A10B436DC}"
EndProject
Project("{2150E333-8FDC-42A3-9474-1A3956D46DE8}") = "10. Recursion", "10. Recursion", "{A75760EB-5A4B-4199-B02E-431A92A6DE77}"
EndProject
Project("{9A19103F-16F7-4668-BE54-9A1E7A4F7556}") = "Nested Loops", "Nested Loops\Nested Loops.csproj", "{7669F766-54B3-4642-BDEC-7FAADCF661DA}"
EndProject
Project("{9A19103F-16F7-4668-BE54-9A1E7A4F7556}") = "Neighboring Cells", "Neighboring Cells\Neighboring Cells.csproj", "{6D7A3EED-9E62-4292-84FF-4F03F9FD841F}"
EndProject
Project("{9A19103F-16F7-4668-BE54-9A1E7A4F7556}") = "Reduced Matrix Transposition", "Reduced Matrix Transposition\Reduced Matrix Transposition.csproj", "{1B7FBF8A-5F66-4CD6-98AD-F8843EB555FB}"
EndProject
Project("{9A19103F-16F7-4668-BE54-9A1E7A4F7556}") = "Binary Search", "Binary Search\Binary Search.csproj", "{C29E093F-6E56-488E-AD2A-9A4189D24B38}"
EndProject
Project("{9A19103F-16F7-4668-BE54-9A1E7A4F7556}") = "Merge Sort", "Merge Sort\Merge Sort.csproj", "{FB75CFFB-C71B-4F02-970D-9F13B5C567FA}"
EndProject
Project("{FAE04EC0-301F-11D3-BF4B-00C04F79EFBC}") = "Quick Sort", "Quick Sort\Quick Sort.csproj", "{D075C63A-C555-46CB-9F44-1C7ABC8294F4}"
EndProject
Project("{FAE04EC0-301F-11D3-BF4B-00C04F79EFBC}") = "Prime Number Generator", "Prime Number Generator\Prime Number Generator.csproj", "{0E193FA0-2A8F-4D4F-BA76-FC2D6DC12684}"
EndProject
Global
	GlobalSection(SolutionConfigurationPlatforms) = preSolution
		Debug|Any CPU = Debug|Any CPU
		Release|Any CPU = Release|Any CPU
	EndGlobalSection
	GlobalSection(ProjectConfigurationPlatforms) = postSolution
		{3F759586-86FC-4462-8420-B4259677DDE5}.Debug|Any CPU.ActiveCfg = Debug|Any CPU
		{3F759586-86FC-4462-8420-B4259677DDE5}.Debug|Any CPU.Build.0 = Debug|Any CPU
		{3F759586-86FC-4462-8420-B4259677DDE5}.Release|Any CPU.ActiveCfg = Release|Any CPU
		{3F759586-86FC-4462-8420-B4259677DDE5}.Release|Any CPU.Build.0 = Release|Any CPU
		{853EC2E3-3642-4308-88E8-D65308085999}.Debug|Any CPU.ActiveCfg = Debug|Any CPU
		{853EC2E3-3642-4308-88E8-D65308085999}.Debug|Any CPU.Build.0 = Debug|Any CPU
		{853EC2E3-3642-4308-88E8-D65308085999}.Release|Any CPU.ActiveCfg = Release|Any CPU
		{853EC2E3-3642-4308-88E8-D65308085999}.Release|Any CPU.Build.0 = Release|Any CPU
		{159B78AC-DCFC-4E6A-9D43-5021051734E7}.Debug|Any CPU.ActiveCfg = Debug|Any CPU
		{159B78AC-DCFC-4E6A-9D43-5021051734E7}.Debug|Any CPU.Build.0 = Debug|Any CPU
		{159B78AC-DCFC-4E6A-9D43-5021051734E7}.Release|Any CPU.ActiveCfg = Release|Any CPU
		{159B78AC-DCFC-4E6A-9D43-5021051734E7}.Release|Any CPU.Build.0 = Release|Any CPU
		{51145E1B-C089-450F-8DBC-9BBE19ED25F3}.Debug|Any CPU.ActiveCfg = Debug|Any CPU
		{51145E1B-C089-450F-8DBC-9BBE19ED25F3}.Debug|Any CPU.Build.0 = Debug|Any CPU
		{51145E1B-C089-450F-8DBC-9BBE19ED25F3}.Release|Any CPU.ActiveCfg = Release|Any CPU
		{51145E1B-C089-450F-8DBC-9BBE19ED25F3}.Release|Any CPU.Build.0 = Release|Any CPU
		{F2BF8777-3DFA-41FD-B1F3-ED7BCEBD0763}.Debug|Any CPU.ActiveCfg = Debug|Any CPU
		{F2BF8777-3DFA-41FD-B1F3-ED7BCEBD0763}.Debug|Any CPU.Build.0 = Debug|Any CPU
		{F2BF8777-3DFA-41FD-B1F3-ED7BCEBD0763}.Release|Any CPU.ActiveCfg = Release|Any CPU
		{F2BF8777-3DFA-41FD-B1F3-ED7BCEBD0763}.Release|Any CPU.Build.0 = Release|Any CPU
		{4C90FECE-32B5-4822-A9E1-EC41BE07F764}.Debug|Any CPU.ActiveCfg = Debug|Any CPU
		{4C90FECE-32B5-4822-A9E1-EC41BE07F764}.Debug|Any CPU.Build.0 = Debug|Any CPU
		{4C90FECE-32B5-4822-A9E1-EC41BE07F764}.Release|Any CPU.ActiveCfg = Release|Any CPU
		{4C90FECE-32B5-4822-A9E1-EC41BE07F764}.Release|Any CPU.Build.0 = Release|Any CPU
		{2259BAE3-3332-4063-8E2A-055FCD5C8443}.Debug|Any CPU.ActiveCfg = Debug|Any CPU
		{2259BAE3-3332-4063-8E2A-055FCD5C8443}.Debug|Any CPU.Build.0 = Debug|Any CPU
		{2259BAE3-3332-4063-8E2A-055FCD5C8443}.Release|Any CPU.ActiveCfg = Release|Any CPU
		{2259BAE3-3332-4063-8E2A-055FCD5C8443}.Release|Any CPU.Build.0 = Release|Any CPU
		{76715A7C-442A-4442-9F64-913AF38EC185}.Debug|Any CPU.ActiveCfg = Debug|Any CPU
		{76715A7C-442A-4442-9F64-913AF38EC185}.Debug|Any CPU.Build.0 = Debug|Any CPU
		{76715A7C-442A-4442-9F64-913AF38EC185}.Release|Any CPU.ActiveCfg = Release|Any CPU
		{76715A7C-442A-4442-9F64-913AF38EC185}.Release|Any CPU.Build.0 = Release|Any CPU
		{CFA97241-A00A-4CB6-B569-B3BC6C35DD38}.Debug|Any CPU.ActiveCfg = Debug|Any CPU
		{CFA97241-A00A-4CB6-B569-B3BC6C35DD38}.Debug|Any CPU.Build.0 = Debug|Any CPU
		{CFA97241-A00A-4CB6-B569-B3BC6C35DD38}.Release|Any CPU.ActiveCfg = Release|Any CPU
		{CFA97241-A00A-4CB6-B569-B3BC6C35DD38}.Release|Any CPU.Build.0 = Release|Any CPU
		{00D4216F-98F1-40C4-8B1F-7870C5E0880F}.Debug|Any CPU.ActiveCfg = Debug|Any CPU
		{00D4216F-98F1-40C4-8B1F-7870C5E0880F}.Debug|Any CPU.Build.0 = Debug|Any CPU
		{00D4216F-98F1-40C4-8B1F-7870C5E0880F}.Release|Any CPU.ActiveCfg = Release|Any CPU
		{00D4216F-98F1-40C4-8B1F-7870C5E0880F}.Release|Any CPU.Build.0 = Release|Any CPU
		{0DD6EC3B-C85A-45C2-81A7-EC68EC8B1F56}.Debug|Any CPU.ActiveCfg = Debug|Any CPU
		{0DD6EC3B-C85A-45C2-81A7-EC68EC8B1F56}.Debug|Any CPU.Build.0 = Debug|Any CPU
		{0DD6EC3B-C85A-45C2-81A7-EC68EC8B1F56}.Release|Any CPU.ActiveCfg = Release|Any CPU
		{0DD6EC3B-C85A-45C2-81A7-EC68EC8B1F56}.Release|Any CPU.Build.0 = Release|Any CPU
		{F95EA74F-C2D0-42FA-8053-12E10CD1B228}.Debug|Any CPU.ActiveCfg = Debug|Any CPU
		{F95EA74F-C2D0-42FA-8053-12E10CD1B228}.Debug|Any CPU.Build.0 = Debug|Any CPU
		{F95EA74F-C2D0-42FA-8053-12E10CD1B228}.Release|Any CPU.ActiveCfg = Release|Any CPU
		{F95EA74F-C2D0-42FA-8053-12E10CD1B228}.Release|Any CPU.Build.0 = Release|Any CPU
		{893DECE7-ECB7-4531-A740-9B172026AB2F}.Debug|Any CPU.ActiveCfg = Debug|Any CPU
		{893DECE7-ECB7-4531-A740-9B172026AB2F}.Debug|Any CPU.Build.0 = Debug|Any CPU
		{893DECE7-ECB7-4531-A740-9B172026AB2F}.Release|Any CPU.ActiveCfg = Release|Any CPU
		{893DECE7-ECB7-4531-A740-9B172026AB2F}.Release|Any CPU.Build.0 = Release|Any CPU
		{E2010CB2-C4A0-409F-8448-1D7A10B436DC}.Debug|Any CPU.ActiveCfg = Debug|Any CPU
		{E2010CB2-C4A0-409F-8448-1D7A10B436DC}.Debug|Any CPU.Build.0 = Debug|Any CPU
		{E2010CB2-C4A0-409F-8448-1D7A10B436DC}.Release|Any CPU.ActiveCfg = Release|Any CPU
		{E2010CB2-C4A0-409F-8448-1D7A10B436DC}.Release|Any CPU.Build.0 = Release|Any CPU
		{7669F766-54B3-4642-BDEC-7FAADCF661DA}.Debug|Any CPU.ActiveCfg = Debug|Any CPU
		{7669F766-54B3-4642-BDEC-7FAADCF661DA}.Debug|Any CPU.Build.0 = Debug|Any CPU
		{7669F766-54B3-4642-BDEC-7FAADCF661DA}.Release|Any CPU.ActiveCfg = Release|Any CPU
		{7669F766-54B3-4642-BDEC-7FAADCF661DA}.Release|Any CPU.Build.0 = Release|Any CPU
		{6D7A3EED-9E62-4292-84FF-4F03F9FD841F}.Debug|Any CPU.ActiveCfg = Debug|Any CPU
		{6D7A3EED-9E62-4292-84FF-4F03F9FD841F}.Debug|Any CPU.Build.0 = Debug|Any CPU
		{6D7A3EED-9E62-4292-84FF-4F03F9FD841F}.Release|Any CPU.ActiveCfg = Release|Any CPU
		{6D7A3EED-9E62-4292-84FF-4F03F9FD841F}.Release|Any CPU.Build.0 = Release|Any CPU
		{1B7FBF8A-5F66-4CD6-98AD-F8843EB555FB}.Debug|Any CPU.ActiveCfg = Debug|Any CPU
		{1B7FBF8A-5F66-4CD6-98AD-F8843EB555FB}.Debug|Any CPU.Build.0 = Debug|Any CPU
		{1B7FBF8A-5F66-4CD6-98AD-F8843EB555FB}.Release|Any CPU.ActiveCfg = Release|Any CPU
		{1B7FBF8A-5F66-4CD6-98AD-F8843EB555FB}.Release|Any CPU.Build.0 = Release|Any CPU
		{C29E093F-6E56-488E-AD2A-9A4189D24B38}.Debug|Any CPU.ActiveCfg = Debug|Any CPU
		{C29E093F-6E56-488E-AD2A-9A4189D24B38}.Debug|Any CPU.Build.0 = Debug|Any CPU
		{C29E093F-6E56-488E-AD2A-9A4189D24B38}.Release|Any CPU.ActiveCfg = Release|Any CPU
		{C29E093F-6E56-488E-AD2A-9A4189D24B38}.Release|Any CPU.Build.0 = Release|Any CPU
		{FB75CFFB-C71B-4F02-970D-9F13B5C567FA}.Debug|Any CPU.ActiveCfg = Debug|Any CPU
		{FB75CFFB-C71B-4F02-970D-9F13B5C567FA}.Debug|Any CPU.Build.0 = Debug|Any CPU
		{FB75CFFB-C71B-4F02-970D-9F13B5C567FA}.Release|Any CPU.ActiveCfg = Release|Any CPU
		{FB75CFFB-C71B-4F02-970D-9F13B5C567FA}.Release|Any CPU.Build.0 = Release|Any CPU
		{D075C63A-C555-46CB-9F44-1C7ABC8294F4}.Debug|Any CPU.ActiveCfg = Debug|Any CPU
		{D075C63A-C555-46CB-9F44-1C7ABC8294F4}.Debug|Any CPU.Build.0 = Debug|Any CPU
		{D075C63A-C555-46CB-9F44-1C7ABC8294F4}.Release|Any CPU.ActiveCfg = Release|Any CPU
		{D075C63A-C555-46CB-9F44-1C7ABC8294F4}.Release|Any CPU.Build.0 = Release|Any CPU
		{0E193FA0-2A8F-4D4F-BA76-FC2D6DC12684}.Debug|Any CPU.ActiveCfg = Debug|Any CPU
		{0E193FA0-2A8F-4D4F-BA76-FC2D6DC12684}.Debug|Any CPU.Build.0 = Debug|Any CPU
		{0E193FA0-2A8F-4D4F-BA76-FC2D6DC12684}.Release|Any CPU.ActiveCfg = Release|Any CPU
		{0E193FA0-2A8F-4D4F-BA76-FC2D6DC12684}.Release|Any CPU.Build.0 = Release|Any CPU
	EndGlobalSection
	GlobalSection(SolutionProperties) = preSolution
		HideSolutionNode = FALSE
	EndGlobalSection
	GlobalSection(NestedProjects) = preSolution
		{3F759586-86FC-4462-8420-B4259677DDE5} = {FC61FEA1-22C7-4619-ACEA-D2F31A369444}
		{853EC2E3-3642-4308-88E8-D65308085999} = {3F0B4FAA-9C07-43D1-A637-200390EC6AF5}
		{159B78AC-DCFC-4E6A-9D43-5021051734E7} = {3F0B4FAA-9C07-43D1-A637-200390EC6AF5}
		{51145E1B-C089-450F-8DBC-9BBE19ED25F3} = {3F0B4FAA-9C07-43D1-A637-200390EC6AF5}
		{F2BF8777-3DFA-41FD-B1F3-ED7BCEBD0763} = {3F0B4FAA-9C07-43D1-A637-200390EC6AF5}
		{4C90FECE-32B5-4822-A9E1-EC41BE07F764} = {3F0B4FAA-9C07-43D1-A637-200390EC6AF5}
		{2259BAE3-3332-4063-8E2A-055FCD5C8443} = {3F0B4FAA-9C07-43D1-A637-200390EC6AF5}
		{76715A7C-442A-4442-9F64-913AF38EC185} = {3F0B4FAA-9C07-43D1-A637-200390EC6AF5}
		{CFA97241-A00A-4CB6-B569-B3BC6C35DD38} = {34F88790-2873-4C55-8743-85E9FA5606CE}
		{00D4216F-98F1-40C4-8B1F-7870C5E0880F} = {34F88790-2873-4C55-8743-85E9FA5606CE}
		{A522D86B-BD35-4981-ADD7-697F831EB43B} = {34F88790-2873-4C55-8743-85E9FA5606CE}
		{0DD6EC3B-C85A-45C2-81A7-EC68EC8B1F56} = {A522D86B-BD35-4981-ADD7-697F831EB43B}
		{F95EA74F-C2D0-42FA-8053-12E10CD1B228} = {A522D86B-BD35-4981-ADD7-697F831EB43B}
		{893DECE7-ECB7-4531-A740-9B172026AB2F} = {A522D86B-BD35-4981-ADD7-697F831EB43B}
		{E2010CB2-C4A0-409F-8448-1D7A10B436DC} = {A522D86B-BD35-4981-ADD7-697F831EB43B}
		{7669F766-54B3-4642-BDEC-7FAADCF661DA} = {A75760EB-5A4B-4199-B02E-431A92A6DE77}
		{6D7A3EED-9E62-4292-84FF-4F03F9FD841F} = {3F0B4FAA-9C07-43D1-A637-200390EC6AF5}
		{1B7FBF8A-5F66-4CD6-98AD-F8843EB555FB} = {3F0B4FAA-9C07-43D1-A637-200390EC6AF5}
		{C29E093F-6E56-488E-AD2A-9A4189D24B38} = {3F0B4FAA-9C07-43D1-A637-200390EC6AF5}
		{FB75CFFB-C71B-4F02-970D-9F13B5C567FA} = {3F0B4FAA-9C07-43D1-A637-200390EC6AF5}
		{D075C63A-C555-46CB-9F44-1C7ABC8294F4} = {3F0B4FAA-9C07-43D1-A637-200390EC6AF5}
		{0E193FA0-2A8F-4D4F-BA76-FC2D6DC12684} = {3F0B4FAA-9C07-43D1-A637-200390EC6AF5}
	EndGlobalSection
	GlobalSection(ExtensibilityGlobals) = postSolution
		SolutionGuid = {2D32BE53-C73D-4765-A82D-FE4E0CF3F4F5}
	EndGlobalSection
EndGlobal
