
Microsoft Visual Studio Solution File, Format Version 12.00
# Visual Studio Version 16
VisualStudioVersion = 16.0.32106.194
MinimumVisualStudioVersion = 10.0.40219.1
Project("{2150E333-8FDC-42A3-9474-1A3956D46DE8}") = "5.0. Loops", "5.0. Loops", "{FC61FEA1-22C7-4619-ACEA-D2F31A369444}"
EndProject
Project("{9A19103F-16F7-4668-BE54-9A1E7A4F7556}") = "Loop Exercises", "Exercises\Loop Exercises.csproj", "{3F759586-86FC-4462-8420-B4259677DDE5}"
EndProject
Project("{2150E333-8FDC-42A3-9474-1A3956D46DE8}") = "6.0. Advanced Arrays", "6.0. Advanced Arrays", "{3F0B4FAA-9C07-43D1-A637-200390EC6AF5}"
EndProject
Project("{9A19103F-16F7-4668-BE54-9A1E7A4F7556}") = "Basic Array Exercises", "Basic Array Exercises\Basic Array Exercises.csproj", "{853EC2E3-3642-4308-88E8-D65308085999}"
EndProject
Project("{9A19103F-16F7-4668-BE54-9A1E7A4F7556}") = "Possible Sum", "Possible Sum\Possible Sum.csproj", "{159B78AC-DCFC-4E6A-9D43-5021051734E7}"
EndProject
Project("{9A19103F-16F7-4668-BE54-9A1E7A4F7556}") = "Sum Of Elements", "Sum Of Elements\Sum Of Elements.csproj", "{51145E1B-C089-450F-8DBC-9BBE19ED25F3}"
EndProject
Project("{9A19103F-16F7-4668-BE54-9A1E7A4F7556}") = "Selection Sort", "Selection Sort\Selection Sort.csproj", "{F2BF8777-3DFA-41FD-B1F3-ED7BCEBD0763}"
EndProject
Project("{9A19103F-16F7-4668-BE54-9A1E7A4F7556}") = "Word Letter Index", "Word Letter Index\Word Letter Index.csproj", "{4C90FECE-32B5-4822-A9E1-EC41BE07F764}"
EndProject
Project("{9A19103F-16F7-4668-BE54-9A1E7A4F7556}") = "Compare String Elements", "Compare String Elements\Compare String Elements.csproj", "{2259BAE3-3332-4063-8E2A-055FCD5C8443}"
EndProject
Project("{9A19103F-16F7-4668-BE54-9A1E7A4F7556}") = "NxN Matrices", "NxN Matrices\NxN Matrices.csproj", "{76715A7C-442A-4442-9F64-913AF38EC185}"
EndProject
Project("{2150E333-8FDC-42A3-9474-1A3956D46DE8}") = "20. OOP", "20. OOP", "{34F88790-2873-4C55-8743-85E9FA5606CE}"
EndProject
Project("{9A19103F-16F7-4668-BE54-9A1E7A4F7556}") = "OOP Exercises", "OOP Exercises\OOP Exercises.csproj", "{CFA97241-A00A-4CB6-B569-B3BC6C35DD38}"
EndProject
Project("{9A19103F-16F7-4668-BE54-9A1E7A4F7556}") = "Class Exercises", "Class Exercises\Class Exercises.csproj", "{00D4216F-98F1-40C4-8B1F-7870C5E0880F}"
EndProject
Project("{2150E333-8FDC-42A3-9474-1A3956D46DE8}") = "Basic OOP Exercises", "Basic OOP Exercises", "{A522D86B-BD35-4981-ADD7-697F831EB43B}"
EndProject
Project("{9A19103F-16F7-4668-BE54-9A1E7A4F7556}") = "Animals", "Animals\Animals.csproj", "{0DD6EC3B-C85A-45C2-81A7-EC68EC8B1F56}"
EndProject
Project("{9A19103F-16F7-4668-BE54-9A1E7A4F7556}") = "Cats", "Cats\Cats.csproj", "{F95EA74F-C2D0-42FA-8053-12E10CD1B228}"
EndProject
Project("{9A19103F-16F7-4668-BE54-9A1E7A4F7556}") = "Geometry", "Geometry\Geometry.csproj", "{893DECE7-ECB7-4531-A740-9B172026AB2F}"
EndProject
Project("{9A19103F-16F7-4668-BE54-9A1E7A4F7556}") = "School", "School\School.csproj", "{E2010CB2-C4A0-409F-8448-1D7A10B436DC}"
EndProject
Project("{2150E333-8FDC-42A3-9474-1A3956D46DE8}") = "10. Recursion", "10. Recursion", "{A75760EB-5A4B-4199-B02E-431A92A6DE77}"
EndProject
Project("{9A19103F-16F7-4668-BE54-9A1E7A4F7556}") = "Nested Loops", "Nested Loops\Nested Loops.csproj", "{7669F766-54B3-4642-BDEC-7FAADCF661DA}"
EndProject
Project("{9A19103F-16F7-4668-BE54-9A1E7A4F7556}") = "Neighboring Cells", "Neighboring Cells\Neighboring Cells.csproj", "{6D7A3EED-9E62-4292-84FF-4F03F9FD841F}"
EndProject
Project("{9A19103F-16F7-4668-BE54-9A1E7A4F7556}") = "Reduced Matrix Transposition", "Reduced Matrix Transposition\Reduced Matrix Transposition.csproj", "{1B7FBF8A-5F66-4CD6-98AD-F8843EB555FB}"
EndProject
Project("{9A19103F-16F7-4668-BE54-9A1E7A4F7556}") = "Binary Search", "Binary Search\Binary Search.csproj", "{C29E093F-6E56-488E-AD2A-9A4189D24B38}"
EndProject
Project("{9A19103F-16F7-4668-BE54-9A1E7A4F7556}") = "Merge Sort", "Merge Sort\Merge Sort.csproj", "{FB75CFFB-C71B-4F02-970D-9F13B5C567FA}"
EndProject
Project("{2150E333-8FDC-42A3-9474-1A3956D46DE8}") = "13. Strings", "13. Strings", "{59C1D3B0-8C30-4E91-A00F-967CAD8F1D14}"
EndProject
Project("{FAE04EC0-301F-11D3-BF4B-00C04F79EFBC}") = "Bracket Check", "Bracket Check\Bracket Check.csproj", "{2251A0F7-006F-4324-8092-C317D7362447}"
EndProject
Project("{FAE04EC0-301F-11D3-BF4B-00C04F79EFBC}") = "Certain Centance", "Certain Centance\Certain Centance.csproj", "{3FE9F1DD-099F-4DC1-BEC9-CB30D41556E6}"
EndProject
Project("{FAE04EC0-301F-11D3-BF4B-00C04F79EFBC}") = "Cypher", "Cypher\Cypher.csproj", "{A5EE5A0F-5B31-41E9-B4FA-26C246C956E5}"
EndProject
Project("{FAE04EC0-301F-11D3-BF4B-00C04F79EFBC}") = "Dictionary", "Dictionary\Dictionary.csproj", "{FB52E792-2DF1-4CBB-978C-76B14CFD2A19}"
EndProject
Project("{FAE04EC0-301F-11D3-BF4B-00C04F79EFBC}") = "Forbidden Words", "Forbidden Words\Forbidden Words.csproj", "{6393DC3D-9552-4190-862B-DF474297B02F}"
EndProject
Project("{FAE04EC0-301F-11D3-BF4B-00C04F79EFBC}") = "HTML Anchor Change", "HTML Anchor Change\HTML Anchor Change.csproj", "{4F8A2665-C501-45DA-8337-1A761B060597}"
EndProject
Project("{FAE04EC0-301F-11D3-BF4B-00C04F79EFBC}") = "Print Number", "Print Number\Print Number.csproj", "{F7337B1F-0490-4665-A5C7-228DFA4C1AF9}"
EndProject
Project("{FAE04EC0-301F-11D3-BF4B-00C04F79EFBC}") = "Reverse Text", "Reverse Text\Reverse Text.csproj", "{08853C32-C73E-4AB9-8B61-4C3CA120E171}"
EndProject
Project("{FAE04EC0-301F-11D3-BF4B-00C04F79EFBC}") = "SubString Check", "SubString Check\SubString Check.csproj", "{51A1048A-CD0F-4F91-91F2-9111EDFE7A0E}"
EndProject
Project("{FAE04EC0-301F-11D3-BF4B-00C04F79EFBC}") = "Unicode", "Unicode\Unicode.csproj", "{8B552304-71F1-497F-B852-0CE98483864A}"
EndProject
Project("{FAE04EC0-301F-11D3-BF4B-00C04F79EFBC}") = "UpCase", "UpCase\UpCase.csproj", "{B473C6E0-3D90-4CB7-B3A2-5216C8062648}"
EndProject
Project("{FAE04EC0-301F-11D3-BF4B-00C04F79EFBC}") = "URL Data Extract", "URL Data Extract\URL Data Extract.csproj", "{7605F62B-ED47-4A3F-8660-2B89FAA75EC2}"
EndProject
Global
	GlobalSection(SolutionConfigurationPlatforms) = preSolution
		Debug|Any CPU = Debug|Any CPU
		Release|Any CPU = Release|Any CPU
	EndGlobalSection
	GlobalSection(ProjectConfigurationPlatforms) = postSolution
		{3F759586-86FC-4462-8420-B4259677DDE5}.Debug|Any CPU.ActiveCfg = Debug|Any CPU
		{3F759586-86FC-4462-8420-B4259677DDE5}.Debug|Any CPU.Build.0 = Debug|Any CPU
		{3F759586-86FC-4462-8420-B4259677DDE5}.Release|Any CPU.ActiveCfg = Release|Any CPU
		{3F759586-86FC-4462-8420-B4259677DDE5}.Release|Any CPU.Build.0 = Release|Any CPU
		{853EC2E3-3642-4308-88E8-D65308085999}.Debug|Any CPU.ActiveCfg = Debug|Any CPU
		{853EC2E3-3642-4308-88E8-D65308085999}.Debug|Any CPU.Build.0 = Debug|Any CPU
		{853EC2E3-3642-4308-88E8-D65308085999}.Release|Any CPU.ActiveCfg = Release|Any CPU
		{853EC2E3-3642-4308-88E8-D65308085999}.Release|Any CPU.Build.0 = Release|Any CPU
		{159B78AC-DCFC-4E6A-9D43-5021051734E7}.Debug|Any CPU.ActiveCfg = Debug|Any CPU
		{159B78AC-DCFC-4E6A-9D43-5021051734E7}.Debug|Any CPU.Build.0 = Debug|Any CPU
		{159B78AC-DCFC-4E6A-9D43-5021051734E7}.Release|Any CPU.ActiveCfg = Release|Any CPU
		{159B78AC-DCFC-4E6A-9D43-5021051734E7}.Release|Any CPU.Build.0 = Release|Any CPU
		{51145E1B-C089-450F-8DBC-9BBE19ED25F3}.Debug|Any CPU.ActiveCfg = Debug|Any CPU
		{51145E1B-C089-450F-8DBC-9BBE19ED25F3}.Debug|Any CPU.Build.0 = Debug|Any CPU
		{51145E1B-C089-450F-8DBC-9BBE19ED25F3}.Release|Any CPU.ActiveCfg = Release|Any CPU
		{51145E1B-C089-450F-8DBC-9BBE19ED25F3}.Release|Any CPU.Build.0 = Release|Any CPU
		{F2BF8777-3DFA-41FD-B1F3-ED7BCEBD0763}.Debug|Any CPU.ActiveCfg = Debug|Any CPU
		{F2BF8777-3DFA-41FD-B1F3-ED7BCEBD0763}.Debug|Any CPU.Build.0 = Debug|Any CPU
		{F2BF8777-3DFA-41FD-B1F3-ED7BCEBD0763}.Release|Any CPU.ActiveCfg = Release|Any CPU
		{F2BF8777-3DFA-41FD-B1F3-ED7BCEBD0763}.Release|Any CPU.Build.0 = Release|Any CPU
		{4C90FECE-32B5-4822-A9E1-EC41BE07F764}.Debug|Any CPU.ActiveCfg = Debug|Any CPU
		{4C90FECE-32B5-4822-A9E1-EC41BE07F764}.Debug|Any CPU.Build.0 = Debug|Any CPU
		{4C90FECE-32B5-4822-A9E1-EC41BE07F764}.Release|Any CPU.ActiveCfg = Release|Any CPU
		{4C90FECE-32B5-4822-A9E1-EC41BE07F764}.Release|Any CPU.Build.0 = Release|Any CPU
		{2259BAE3-3332-4063-8E2A-055FCD5C8443}.Debug|Any CPU.ActiveCfg = Debug|Any CPU
		{2259BAE3-3332-4063-8E2A-055FCD5C8443}.Debug|Any CPU.Build.0 = Debug|Any CPU
		{2259BAE3-3332-4063-8E2A-055FCD5C8443}.Release|Any CPU.ActiveCfg = Release|Any CPU
		{2259BAE3-3332-4063-8E2A-055FCD5C8443}.Release|Any CPU.Build.0 = Release|Any CPU
		{76715A7C-442A-4442-9F64-913AF38EC185}.Debug|Any CPU.ActiveCfg = Debug|Any CPU
		{76715A7C-442A-4442-9F64-913AF38EC185}.Debug|Any CPU.Build.0 = Debug|Any CPU
		{76715A7C-442A-4442-9F64-913AF38EC185}.Release|Any CPU.ActiveCfg = Release|Any CPU
		{76715A7C-442A-4442-9F64-913AF38EC185}.Release|Any CPU.Build.0 = Release|Any CPU
		{CFA97241-A00A-4CB6-B569-B3BC6C35DD38}.Debug|Any CPU.ActiveCfg = Debug|Any CPU
		{CFA97241-A00A-4CB6-B569-B3BC6C35DD38}.Debug|Any CPU.Build.0 = Debug|Any CPU
		{CFA97241-A00A-4CB6-B569-B3BC6C35DD38}.Release|Any CPU.ActiveCfg = Release|Any CPU
		{CFA97241-A00A-4CB6-B569-B3BC6C35DD38}.Release|Any CPU.Build.0 = Release|Any CPU
		{00D4216F-98F1-40C4-8B1F-7870C5E0880F}.Debug|Any CPU.ActiveCfg = Debug|Any CPU
		{00D4216F-98F1-40C4-8B1F-7870C5E0880F}.Debug|Any CPU.Build.0 = Debug|Any CPU
		{00D4216F-98F1-40C4-8B1F-7870C5E0880F}.Release|Any CPU.ActiveCfg = Release|Any CPU
		{00D4216F-98F1-40C4-8B1F-7870C5E0880F}.Release|Any CPU.Build.0 = Release|Any CPU
		{0DD6EC3B-C85A-45C2-81A7-EC68EC8B1F56}.Debug|Any CPU.ActiveCfg = Debug|Any CPU
		{0DD6EC3B-C85A-45C2-81A7-EC68EC8B1F56}.Debug|Any CPU.Build.0 = Debug|Any CPU
		{0DD6EC3B-C85A-45C2-81A7-EC68EC8B1F56}.Release|Any CPU.ActiveCfg = Release|Any CPU
		{0DD6EC3B-C85A-45C2-81A7-EC68EC8B1F56}.Release|Any CPU.Build.0 = Release|Any CPU
		{F95EA74F-C2D0-42FA-8053-12E10CD1B228}.Debug|Any CPU.ActiveCfg = Debug|Any CPU
		{F95EA74F-C2D0-42FA-8053-12E10CD1B228}.Debug|Any CPU.Build.0 = Debug|Any CPU
		{F95EA74F-C2D0-42FA-8053-12E10CD1B228}.Release|Any CPU.ActiveCfg = Release|Any CPU
		{F95EA74F-C2D0-42FA-8053-12E10CD1B228}.Release|Any CPU.Build.0 = Release|Any CPU
		{893DECE7-ECB7-4531-A740-9B172026AB2F}.Debug|Any CPU.ActiveCfg = Debug|Any CPU
		{893DECE7-ECB7-4531-A740-9B172026AB2F}.Debug|Any CPU.Build.0 = Debug|Any CPU
		{893DECE7-ECB7-4531-A740-9B172026AB2F}.Release|Any CPU.ActiveCfg = Release|Any CPU
		{893DECE7-ECB7-4531-A740-9B172026AB2F}.Release|Any CPU.Build.0 = Release|Any CPU
		{E2010CB2-C4A0-409F-8448-1D7A10B436DC}.Debug|Any CPU.ActiveCfg = Debug|Any CPU
		{E2010CB2-C4A0-409F-8448-1D7A10B436DC}.Debug|Any CPU.Build.0 = Debug|Any CPU
		{E2010CB2-C4A0-409F-8448-1D7A10B436DC}.Release|Any CPU.ActiveCfg = Release|Any CPU
		{E2010CB2-C4A0-409F-8448-1D7A10B436DC}.Release|Any CPU.Build.0 = Release|Any CPU
		{7669F766-54B3-4642-BDEC-7FAADCF661DA}.Debug|Any CPU.ActiveCfg = Debug|Any CPU
		{7669F766-54B3-4642-BDEC-7FAADCF661DA}.Debug|Any CPU.Build.0 = Debug|Any CPU
		{7669F766-54B3-4642-BDEC-7FAADCF661DA}.Release|Any CPU.ActiveCfg = Release|Any CPU
		{7669F766-54B3-4642-BDEC-7FAADCF661DA}.Release|Any CPU.Build.0 = Release|Any CPU
		{6D7A3EED-9E62-4292-84FF-4F03F9FD841F}.Debug|Any CPU.ActiveCfg = Debug|Any CPU
		{6D7A3EED-9E62-4292-84FF-4F03F9FD841F}.Debug|Any CPU.Build.0 = Debug|Any CPU
		{6D7A3EED-9E62-4292-84FF-4F03F9FD841F}.Release|Any CPU.ActiveCfg = Release|Any CPU
		{6D7A3EED-9E62-4292-84FF-4F03F9FD841F}.Release|Any CPU.Build.0 = Release|Any CPU
		{1B7FBF8A-5F66-4CD6-98AD-F8843EB555FB}.Debug|Any CPU.ActiveCfg = Debug|Any CPU
		{1B7FBF8A-5F66-4CD6-98AD-F8843EB555FB}.Debug|Any CPU.Build.0 = Debug|Any CPU
		{1B7FBF8A-5F66-4CD6-98AD-F8843EB555FB}.Release|Any CPU.ActiveCfg = Release|Any CPU
		{1B7FBF8A-5F66-4CD6-98AD-F8843EB555FB}.Release|Any CPU.Build.0 = Release|Any CPU
		{C29E093F-6E56-488E-AD2A-9A4189D24B38}.Debug|Any CPU.ActiveCfg = Debug|Any CPU
		{C29E093F-6E56-488E-AD2A-9A4189D24B38}.Debug|Any CPU.Build.0 = Debug|Any CPU
		{C29E093F-6E56-488E-AD2A-9A4189D24B38}.Release|Any CPU.ActiveCfg = Release|Any CPU
		{C29E093F-6E56-488E-AD2A-9A4189D24B38}.Release|Any CPU.Build.0 = Release|Any CPU
		{FB75CFFB-C71B-4F02-970D-9F13B5C567FA}.Debug|Any CPU.ActiveCfg = Debug|Any CPU
		{FB75CFFB-C71B-4F02-970D-9F13B5C567FA}.Debug|Any CPU.Build.0 = Debug|Any CPU
		{FB75CFFB-C71B-4F02-970D-9F13B5C567FA}.Release|Any CPU.ActiveCfg = Release|Any CPU
		{FB75CFFB-C71B-4F02-970D-9F13B5C567FA}.Release|Any CPU.Build.0 = Release|Any CPU
		{2251A0F7-006F-4324-8092-C317D7362447}.Debug|Any CPU.ActiveCfg = Debug|Any CPU
		{2251A0F7-006F-4324-8092-C317D7362447}.Debug|Any CPU.Build.0 = Debug|Any CPU
		{2251A0F7-006F-4324-8092-C317D7362447}.Release|Any CPU.ActiveCfg = Release|Any CPU
		{2251A0F7-006F-4324-8092-C317D7362447}.Release|Any CPU.Build.0 = Release|Any CPU
		{3FE9F1DD-099F-4DC1-BEC9-CB30D41556E6}.Debug|Any CPU.ActiveCfg = Debug|Any CPU
		{3FE9F1DD-099F-4DC1-BEC9-CB30D41556E6}.Debug|Any CPU.Build.0 = Debug|Any CPU
		{3FE9F1DD-099F-4DC1-BEC9-CB30D41556E6}.Release|Any CPU.ActiveCfg = Release|Any CPU
		{3FE9F1DD-099F-4DC1-BEC9-CB30D41556E6}.Release|Any CPU.Build.0 = Release|Any CPU
		{A5EE5A0F-5B31-41E9-B4FA-26C246C956E5}.Debug|Any CPU.ActiveCfg = Debug|Any CPU
		{A5EE5A0F-5B31-41E9-B4FA-26C246C956E5}.Debug|Any CPU.Build.0 = Debug|Any CPU
		{A5EE5A0F-5B31-41E9-B4FA-26C246C956E5}.Release|Any CPU.ActiveCfg = Release|Any CPU
		{A5EE5A0F-5B31-41E9-B4FA-26C246C956E5}.Release|Any CPU.Build.0 = Release|Any CPU
		{FB52E792-2DF1-4CBB-978C-76B14CFD2A19}.Debug|Any CPU.ActiveCfg = Debug|Any CPU
		{FB52E792-2DF1-4CBB-978C-76B14CFD2A19}.Debug|Any CPU.Build.0 = Debug|Any CPU
		{FB52E792-2DF1-4CBB-978C-76B14CFD2A19}.Release|Any CPU.ActiveCfg = Release|Any CPU
		{FB52E792-2DF1-4CBB-978C-76B14CFD2A19}.Release|Any CPU.Build.0 = Release|Any CPU
		{6393DC3D-9552-4190-862B-DF474297B02F}.Debug|Any CPU.ActiveCfg = Debug|Any CPU
		{6393DC3D-9552-4190-862B-DF474297B02F}.Debug|Any CPU.Build.0 = Debug|Any CPU
		{6393DC3D-9552-4190-862B-DF474297B02F}.Release|Any CPU.ActiveCfg = Release|Any CPU
		{6393DC3D-9552-4190-862B-DF474297B02F}.Release|Any CPU.Build.0 = Release|Any CPU
		{4F8A2665-C501-45DA-8337-1A761B060597}.Debug|Any CPU.ActiveCfg = Debug|Any CPU
		{4F8A2665-C501-45DA-8337-1A761B060597}.Debug|Any CPU.Build.0 = Debug|Any CPU
		{4F8A2665-C501-45DA-8337-1A761B060597}.Release|Any CPU.ActiveCfg = Release|Any CPU
		{4F8A2665-C501-45DA-8337-1A761B060597}.Release|Any CPU.Build.0 = Release|Any CPU
		{F7337B1F-0490-4665-A5C7-228DFA4C1AF9}.Debug|Any CPU.ActiveCfg = Debug|Any CPU
		{F7337B1F-0490-4665-A5C7-228DFA4C1AF9}.Debug|Any CPU.Build.0 = Debug|Any CPU
		{F7337B1F-0490-4665-A5C7-228DFA4C1AF9}.Release|Any CPU.ActiveCfg = Release|Any CPU
		{F7337B1F-0490-4665-A5C7-228DFA4C1AF9}.Release|Any CPU.Build.0 = Release|Any CPU
		{08853C32-C73E-4AB9-8B61-4C3CA120E171}.Debug|Any CPU.ActiveCfg = Debug|Any CPU
		{08853C32-C73E-4AB9-8B61-4C3CA120E171}.Debug|Any CPU.Build.0 = Debug|Any CPU
		{08853C32-C73E-4AB9-8B61-4C3CA120E171}.Release|Any CPU.ActiveCfg = Release|Any CPU
		{08853C32-C73E-4AB9-8B61-4C3CA120E171}.Release|Any CPU.Build.0 = Release|Any CPU
		{51A1048A-CD0F-4F91-91F2-9111EDFE7A0E}.Debug|Any CPU.ActiveCfg = Debug|Any CPU
		{51A1048A-CD0F-4F91-91F2-9111EDFE7A0E}.Debug|Any CPU.Build.0 = Debug|Any CPU
		{51A1048A-CD0F-4F91-91F2-9111EDFE7A0E}.Release|Any CPU.ActiveCfg = Release|Any CPU
		{51A1048A-CD0F-4F91-91F2-9111EDFE7A0E}.Release|Any CPU.Build.0 = Release|Any CPU
		{8B552304-71F1-497F-B852-0CE98483864A}.Debug|Any CPU.ActiveCfg = Debug|Any CPU
		{8B552304-71F1-497F-B852-0CE98483864A}.Debug|Any CPU.Build.0 = Debug|Any CPU
		{8B552304-71F1-497F-B852-0CE98483864A}.Release|Any CPU.ActiveCfg = Release|Any CPU
		{8B552304-71F1-497F-B852-0CE98483864A}.Release|Any CPU.Build.0 = Release|Any CPU
		{B473C6E0-3D90-4CB7-B3A2-5216C8062648}.Debug|Any CPU.ActiveCfg = Debug|Any CPU
		{B473C6E0-3D90-4CB7-B3A2-5216C8062648}.Debug|Any CPU.Build.0 = Debug|Any CPU
		{B473C6E0-3D90-4CB7-B3A2-5216C8062648}.Release|Any CPU.ActiveCfg = Release|Any CPU
		{B473C6E0-3D90-4CB7-B3A2-5216C8062648}.Release|Any CPU.Build.0 = Release|Any CPU
		{7605F62B-ED47-4A3F-8660-2B89FAA75EC2}.Debug|Any CPU.ActiveCfg = Debug|Any CPU
		{7605F62B-ED47-4A3F-8660-2B89FAA75EC2}.Debug|Any CPU.Build.0 = Debug|Any CPU
		{7605F62B-ED47-4A3F-8660-2B89FAA75EC2}.Release|Any CPU.ActiveCfg = Release|Any CPU
		{7605F62B-ED47-4A3F-8660-2B89FAA75EC2}.Release|Any CPU.Build.0 = Release|Any CPU
	EndGlobalSection
	GlobalSection(SolutionProperties) = preSolution
		HideSolutionNode = FALSE
	EndGlobalSection
	GlobalSection(NestedProjects) = preSolution
		{3F759586-86FC-4462-8420-B4259677DDE5} = {FC61FEA1-22C7-4619-ACEA-D2F31A369444}
		{853EC2E3-3642-4308-88E8-D65308085999} = {3F0B4FAA-9C07-43D1-A637-200390EC6AF5}
		{159B78AC-DCFC-4E6A-9D43-5021051734E7} = {3F0B4FAA-9C07-43D1-A637-200390EC6AF5}
		{51145E1B-C089-450F-8DBC-9BBE19ED25F3} = {3F0B4FAA-9C07-43D1-A637-200390EC6AF5}
		{F2BF8777-3DFA-41FD-B1F3-ED7BCEBD0763} = {3F0B4FAA-9C07-43D1-A637-200390EC6AF5}
		{4C90FECE-32B5-4822-A9E1-EC41BE07F764} = {3F0B4FAA-9C07-43D1-A637-200390EC6AF5}
		{2259BAE3-3332-4063-8E2A-055FCD5C8443} = {3F0B4FAA-9C07-43D1-A637-200390EC6AF5}
		{76715A7C-442A-4442-9F64-913AF38EC185} = {3F0B4FAA-9C07-43D1-A637-200390EC6AF5}
		{CFA97241-A00A-4CB6-B569-B3BC6C35DD38} = {34F88790-2873-4C55-8743-85E9FA5606CE}
		{00D4216F-98F1-40C4-8B1F-7870C5E0880F} = {34F88790-2873-4C55-8743-85E9FA5606CE}
		{A522D86B-BD35-4981-ADD7-697F831EB43B} = {34F88790-2873-4C55-8743-85E9FA5606CE}
		{0DD6EC3B-C85A-45C2-81A7-EC68EC8B1F56} = {A522D86B-BD35-4981-ADD7-697F831EB43B}
		{F95EA74F-C2D0-42FA-8053-12E10CD1B228} = {A522D86B-BD35-4981-ADD7-697F831EB43B}
		{893DECE7-ECB7-4531-A740-9B172026AB2F} = {A522D86B-BD35-4981-ADD7-697F831EB43B}
		{E2010CB2-C4A0-409F-8448-1D7A10B436DC} = {A522D86B-BD35-4981-ADD7-697F831EB43B}
		{7669F766-54B3-4642-BDEC-7FAADCF661DA} = {A75760EB-5A4B-4199-B02E-431A92A6DE77}
		{6D7A3EED-9E62-4292-84FF-4F03F9FD841F} = {3F0B4FAA-9C07-43D1-A637-200390EC6AF5}
		{1B7FBF8A-5F66-4CD6-98AD-F8843EB555FB} = {3F0B4FAA-9C07-43D1-A637-200390EC6AF5}
		{C29E093F-6E56-488E-AD2A-9A4189D24B38} = {3F0B4FAA-9C07-43D1-A637-200390EC6AF5}
		{FB75CFFB-C71B-4F02-970D-9F13B5C567FA} = {3F0B4FAA-9C07-43D1-A637-200390EC6AF5}
		{2251A0F7-006F-4324-8092-C317D7362447} = {59C1D3B0-8C30-4E91-A00F-967CAD8F1D14}
		{3FE9F1DD-099F-4DC1-BEC9-CB30D41556E6} = {59C1D3B0-8C30-4E91-A00F-967CAD8F1D14}
		{A5EE5A0F-5B31-41E9-B4FA-26C246C956E5} = {59C1D3B0-8C30-4E91-A00F-967CAD8F1D14}
		{FB52E792-2DF1-4CBB-978C-76B14CFD2A19} = {59C1D3B0-8C30-4E91-A00F-967CAD8F1D14}
		{6393DC3D-9552-4190-862B-DF474297B02F} = {59C1D3B0-8C30-4E91-A00F-967CAD8F1D14}
		{4F8A2665-C501-45DA-8337-1A761B060597} = {59C1D3B0-8C30-4E91-A00F-967CAD8F1D14}
		{F7337B1F-0490-4665-A5C7-228DFA4C1AF9} = {59C1D3B0-8C30-4E91-A00F-967CAD8F1D14}
		{08853C32-C73E-4AB9-8B61-4C3CA120E171} = {59C1D3B0-8C30-4E91-A00F-967CAD8F1D14}
		{51A1048A-CD0F-4F91-91F2-9111EDFE7A0E} = {59C1D3B0-8C30-4E91-A00F-967CAD8F1D14}
		{8B552304-71F1-497F-B852-0CE98483864A} = {59C1D3B0-8C30-4E91-A00F-967CAD8F1D14}
		{B473C6E0-3D90-4CB7-B3A2-5216C8062648} = {59C1D3B0-8C30-4E91-A00F-967CAD8F1D14}
		{7605F62B-ED47-4A3F-8660-2B89FAA75EC2} = {59C1D3B0-8C30-4E91-A00F-967CAD8F1D14}
	EndGlobalSection
	GlobalSection(ExtensibilityGlobals) = postSolution
		SolutionGuid = {2D32BE53-C73D-4765-A82D-FE4E0CF3F4F5}
	EndGlobalSection
EndGlobal
